
Microsoft Visual Studio Solution File, Format Version 12.00
# Visual Studio Version 17
VisualStudioVersion = 17.14.36221.1 d17.14
MinimumVisualStudioVersion = 10.0.40219.1
Project("{FAE04EC0-301F-11D3-BF4B-00C04F79EFBC}") = "ConsoleApp1", "ConsoleApp1\ConsoleApp1.csproj", "{86F04F0C-E730-426C-B338-78F77E1B2F61}"
EndProject
Global
	GlobalSection(SolutionConfigurationPlatforms) = preSolution
		Debug|Any CPU = Debug|Any CPU
		Release|Any CPU = Release|Any CPU
	EndGlobalSection
	GlobalSection(ProjectConfigurationPlatforms) = postSolution
		{86F04F0C-E730-426C-B338-78F77E1B2F61}.Debug|Any CPU.ActiveCfg = Debug|Any CPU
		{86F04F0C-E730-426C-B338-78F77E1B2F61}.Debug|Any CPU.Build.0 = Debug|Any CPU
		{86F04F0C-E730-426C-B338-78F77E1B2F61}.Release|Any CPU.ActiveCfg = Release|Any CPU
		{86F04F0C-E730-426C-B338-78F77E1B2F61}.Release|Any CPU.Build.0 = Release|Any CPU
	EndGlobalSection
	GlobalSection(SolutionProperties) = preSolution
		HideSolutionNode = FALSE
	EndGlobalSection
	GlobalSection(ExtensibilityGlobals) = postSolution
		SolutionGuid = {E0F59587-7EBB-4089-A2F9-ADDA9F4D67CC}
	EndGlobalSection
EndGlobal
